
Microsoft Visual Studio Solution File, Format Version 12.00
# Visual Studio Version 17
VisualStudioVersion = 17.5.33516.290
MinimumVisualStudioVersion = 10.0.40219.1
Project("{FAE04EC0-301F-11D3-BF4B-00C04F79EFBC}") = "InvoiceGenApp", "InvoiceGenApp.csproj", "{52DA275B-856C-435B-BA74-C47B2C353B54}"
EndProject
Global
	GlobalSection(SolutionConfigurationPlatforms) = preSolution
		Debug|Any CPU = Debug|Any CPU
		Release|Any CPU = Release|Any CPU
	EndGlobalSection
	GlobalSection(ProjectConfigurationPlatforms) = postSolution
		{52DA275B-856C-435B-BA74-C47B2C353B54}.Debug|Any CPU.ActiveCfg = Debug|Any CPU
		{52DA275B-856C-435B-BA74-C47B2C353B54}.Debug|Any CPU.Build.0 = Debug|Any CPU
		{52DA275B-856C-435B-BA74-C47B2C353B54}.Release|Any CPU.ActiveCfg = Release|Any CPU
		{52DA275B-856C-435B-BA74-C47B2C353B54}.Release|Any CPU.Build.0 = Release|Any CPU
	EndGlobalSection
	GlobalSection(SolutionProperties) = preSolution
		HideSolutionNode = FALSE
	EndGlobalSection
	GlobalSection(ExtensibilityGlobals) = postSolution
		SolutionGuid = {155FE747-156A-4FDD-B7FE-F5F9DD20360E}
	EndGlobalSection
EndGlobal
